// !$*UTF8*$!
{
	archiveVersion = 1;
	classes = {
	};
	objectVersion = 46;
	objects = {

/* Begin PBXBuildFile section */
		FDAFB5A219F6134E0082396F /* main.m in Sources */ = {isa = PBXBuildFile; fileRef = FDAFB5A119F6134E0082396F /* main.m */; };
		FDAFB5A519F6134E0082396F /* AppDelegate.m in Sources */ = {isa = PBXBuildFile; fileRef = FDAFB5A419F6134E0082396F /* AppDelegate.m */; };
		FDAFB5A819F6134E0082396F /* MasterViewController.m in Sources */ = {isa = PBXBuildFile; fileRef = FDAFB5A719F6134E0082396F /* MasterViewController.m */; };
		FDAFB5AB19F6134E0082396F /* DetailViewController.m in Sources */ = {isa = PBXBuildFile; fileRef = FDAFB5AA19F6134E0082396F /* DetailViewController.m */; };
		FDAFB5AE19F6134E0082396F /* Main.storyboard in Resources */ = {isa = PBXBuildFile; fileRef = FDAFB5AC19F6134E0082396F /* Main.storyboard */; };
		FDAFB5B019F6134E0082396F /* Images.xcassets in Resources */ = {isa = PBXBuildFile; fileRef = FDAFB5AF19F6134E0082396F /* Images.xcassets */; };
		FDAFB5B319F6134E0082396F /* LaunchScreen.xib in Resources */ = {isa = PBXBuildFile; fileRef = FDAFB5B119F6134E0082396F /* LaunchScreen.xib */; };
		FDAFB5BF19F6134E0082396F /* FindFoodTests.m in Sources */ = {isa = PBXBuildFile; fileRef = FDAFB5BE19F6134E0082396F /* FindFoodTests.m */; };
/* End PBXBuildFile section */

/* Begin PBXContainerItemProxy section */
		FDAFB5B919F6134E0082396F /* PBXContainerItemProxy */ = {
			isa = PBXContainerItemProxy;
			containerPortal = FDAFB59419F6134E0082396F /* Project object */;
			proxyType = 1;
			remoteGlobalIDString = FDAFB59B19F6134E0082396F;
			remoteInfo = FindFood;
		};
/* End PBXContainerItemProxy section */

/* Begin PBXFileReference section */
		FDAFB59C19F6134E0082396F /* FindFood.app */ = {isa = PBXFileReference; explicitFileType = wrapper.application; includeInIndex = 0; path = FindFood.app; sourceTree = BUILT_PRODUCTS_DIR; };
		FDAFB5A019F6134E0082396F /* Info.plist */ = {isa = PBXFileReference; lastKnownFileType = text.plist.xml; path = Info.plist; sourceTree = "<group>"; };
		FDAFB5A119F6134E0082396F /* main.m */ = {isa = PBXFileReference; lastKnownFileType = sourcecode.c.objc; path = main.m; sourceTree = "<group>"; };
		FDAFB5A319F6134E0082396F /* AppDelegate.h */ = {isa = PBXFileReference; lastKnownFileType = sourcecode.c.h; path = AppDelegate.h; sourceTree = "<group>"; };
		FDAFB5A419F6134E0082396F /* AppDelegate.m */ = {isa = PBXFileReference; lastKnownFileType = sourcecode.c.objc; path = AppDelegate.m; sourceTree = "<group>"; };
		FDAFB5A619F6134E0082396F /* MasterViewController.h */ = {isa = PBXFileReference; lastKnownFileType = sourcecode.c.h; path = MasterViewController.h; sourceTree = "<group>"; };
		FDAFB5A719F6134E0082396F /* MasterViewController.m */ = {isa = PBXFileReference; lastKnownFileType = sourcecode.c.objc; path = MasterViewController.m; sourceTree = "<group>"; };
		FDAFB5A919F6134E0082396F /* DetailViewController.h */ = {isa = PBXFileReference; lastKnownFileType = sourcecode.c.h; path = DetailViewController.h; sourceTree = "<group>"; };
		FDAFB5AA19F6134E0082396F /* DetailViewController.m */ = {isa = PBXFileReference; lastKnownFileType = sourcecode.c.objc; path = DetailViewController.m; sourceTree = "<group>"; };
		FDAFB5AD19F6134E0082396F /* Base */ = {isa = PBXFileReference; lastKnownFileType = file.storyboard; name = Base; path = Base.lproj/Main.storyboard; sourceTree = "<group>"; };
		FDAFB5AF19F6134E0082396F /* Images.xcassets */ = {isa = PBXFileReference; lastKnownFileType = folder.assetcatalog; path = Images.xcassets; sourceTree = "<group>"; };
		FDAFB5B219F6134E0082396F /* Base */ = {isa = PBXFileReference; lastKnownFileType = file.xib; name = Base; path = Base.lproj/LaunchScreen.xib; sourceTree = "<group>"; };
		FDAFB5B819F6134E0082396F /* FindFoodTests.xctest */ = {isa = PBXFileReference; explicitFileType = wrapper.cfbundle; includeInIndex = 0; path = FindFoodTests.xctest; sourceTree = BUILT_PRODUCTS_DIR; };
		FDAFB5BD19F6134E0082396F /* Info.plist */ = {isa = PBXFileReference; lastKnownFileType = text.plist.xml; path = Info.plist; sourceTree = "<group>"; };
		FDAFB5BE19F6134E0082396F /* FindFoodTests.m */ = {isa = PBXFileReference; lastKnownFileType = sourcecode.c.objc; path = FindFoodTests.m; sourceTree = "<group>"; };
/* End PBXFileReference section */

/* Begin PBXFrameworksBuildPhase section */
		FDAFB59919F6134E0082396F /* Frameworks */ = {
			isa = PBXFrameworksBuildPhase;
			buildActionMask = 2147483647;
			files = (
			);
			runOnlyForDeploymentPostprocessing = 0;
		};
		FDAFB5B519F6134E0082396F /* Frameworks */ = {
			isa = PBXFrameworksBuildPhase;
			buildActionMask = 2147483647;
			files = (
			);
			runOnlyForDeploymentPostprocessing = 0;
		};
/* End PBXFrameworksBuildPhase section */

/* Begin PBXGroup section */
		FDAFB59319F6134E0082396F = {
			isa = PBXGroup;
			children = (
				FDAFB59E19F6134E0082396F /* FindFood */,
				FDAFB5BB19F6134E0082396F /* FindFoodTests */,
				FDAFB59D19F6134E0082396F /* Products */,
			);
			sourceTree = "<group>";
		};
		FDAFB59D19F6134E0082396F /* Products */ = {
			isa = PBXGroup;
			children = (
				FDAFB59C19F6134E0082396F /* FindFood.app */,
				FDAFB5B819F6134E0082396F /* FindFoodTests.xctest */,
			);
			name = Products;
			sourceTree = "<group>";
		};
		FDAFB59E19F6134E0082396F /* FindFood */ = {
			isa = PBXGroup;
			children = (
				FDAFB5A319F6134E0082396F /* AppDelegate.h */,
				FDAFB5A419F6134E0082396F /* AppDelegate.m */,
				FDAFB5A619F6134E0082396F /* MasterViewController.h */,
				FDAFB5A719F6134E0082396F /* MasterViewController.m */,
				FDAFB5A919F6134E0082396F /* DetailViewController.h */,
				FDAFB5AA19F6134E0082396F /* DetailViewController.m */,
				FDAFB5AC19F6134E0082396F /* Main.storyboard */,
				FDAFB5AF19F6134E0082396F /* Images.xcassets */,
				FDAFB5B119F6134E0082396F /* LaunchScreen.xib */,
				FDAFB59F19F6134E0082396F /* Supporting Files */,
			);
			path = FindFood;
			sourceTree = "<group>";
		};
		FDAFB59F19F6134E0082396F /* Supporting Files */ = {
			isa = PBXGroup;
			children = (
				FDAFB5A019F6134E0082396F /* Info.plist */,
				FDAFB5A119F6134E0082396F /* main.m */,
			);
			name = "Supporting Files";
			sourceTree = "<group>";
		};
		FDAFB5BB19F6134E0082396F /* FindFoodTests */ = {
			isa = PBXGroup;
			children = (
				FDAFB5BE19F6134E0082396F /* FindFoodTests.m */,
				FDAFB5BC19F6134E0082396F /* Supporting Files */,
			);
			path = FindFoodTests;
			sourceTree = "<group>";
		};
		FDAFB5BC19F6134E0082396F /* Supporting Files */ = {
			isa = PBXGroup;
			children = (
				FDAFB5BD19F6134E0082396F /* Info.plist */,
			);
			name = "Supporting Files";
			sourceTree = "<group>";
		};
/* End PBXGroup section */

/* Begin PBXNativeTarget section */
		FDAFB59B19F6134E0082396F /* FindFood */ = {
			isa = PBXNativeTarget;
			buildConfigurationList = FDAFB5C219F6134E0082396F /* Build configuration list for PBXNativeTarget "FindFood" */;
			buildPhases = (
				FDAFB59819F6134E0082396F /* Sources */,
				FDAFB59919F6134E0082396F /* Frameworks */,
				FDAFB59A19F6134E0082396F /* Resources */,
			);
			buildRules = (
			);
			dependencies = (
			);
			name = FindFood;
			productName = FindFood;
			productReference = FDAFB59C19F6134E0082396F /* FindFood.app */;
			productType = "com.apple.product-type.application";
		};
		FDAFB5B719F6134E0082396F /* FindFoodTests */ = {
			isa = PBXNativeTarget;
			buildConfigurationList = FDAFB5C519F6134E0082396F /* Build configuration list for PBXNativeTarget "FindFoodTests" */;
			buildPhases = (
				FDAFB5B419F6134E0082396F /* Sources */,
				FDAFB5B519F6134E0082396F /* Frameworks */,
				FDAFB5B619F6134E0082396F /* Resources */,
			);
			buildRules = (
			);
			dependencies = (
				FDAFB5BA19F6134E0082396F /* PBXTargetDependency */,
			);
			name = FindFoodTests;
			productName = FindFoodTests;
			productReference = FDAFB5B819F6134E0082396F /* FindFoodTests.xctest */;
			productType = "com.apple.product-type.bundle.unit-test";
		};
/* End PBXNativeTarget section */

/* Begin PBXProject section */
		FDAFB59419F6134E0082396F /* Project object */ = {
			isa = PBXProject;
			attributes = {
				LastUpgradeCheck = 0600;
				ORGANIZATIONNAME = ITESM;
				TargetAttributes = {
					FDAFB59B19F6134E0082396F = {
						CreatedOnToolsVersion = 6.0.1;
					};
					FDAFB5B719F6134E0082396F = {
						CreatedOnToolsVersion = 6.0.1;
						TestTargetID = FDAFB59B19F6134E0082396F;
					};
				};
			};
			buildConfigurationList = FDAFB59719F6134E0082396F /* Build configuration list for PBXProject "FindFood" */;
			compatibilityVersion = "Xcode 3.2";
			developmentRegion = English;
			hasScannedForEncodings = 0;
			knownRegions = (
				en,
				Base,
			);
			mainGroup = FDAFB59319F6134E0082396F;
			productRefGroup = FDAFB59D19F6134E0082396F /* Products */;
			projectDirPath = "";
			projectRoot = "";
			targets = (
				FDAFB59B19F6134E0082396F /* FindFood */,
				FDAFB5B719F6134E0082396F /* FindFoodTests */,
			);
		};
/* End PBXProject section */

/* Begin PBXResourcesBuildPhase section */
		FDAFB59A19F6134E0082396F /* Resources */ = {
			isa = PBXResourcesBuildPhase;
			buildActionMask = 2147483647;
			files = (
				FDAFB5AE19F6134E0082396F /* Main.storyboard in Resources */,
				FDAFB5B319F6134E0082396F /* LaunchScreen.xib in Resources */,
				FDAFB5B019F6134E0082396F /* Images.xcassets in Resources */,
			);
			runOnlyForDeploymentPostprocessing = 0;
		};
		FDAFB5B619F6134E0082396F /* Resources */ = {
			isa = PBXResourcesBuildPhase;
			buildActionMask = 2147483647;
			files = (
			);
			runOnlyForDeploymentPostprocessing = 0;
		};
/* End PBXResourcesBuildPhase section */

/* Begin PBXSourcesBuildPhase section */
		FDAFB59819F6134E0082396F /* Sources */ = {
			isa = PBXSourcesBuildPhase;
			buildActionMask = 2147483647;
			files = (
				FDAFB5A519F6134E0082396F /* AppDelegate.m in Sources */,
				FDAFB5A819F6134E0082396F /* MasterViewController.m in Sources */,
				FDAFB5A219F6134E0082396F /* main.m in Sources */,
				FDAFB5AB19F6134E0082396F /* DetailViewController.m in Sources */,
			);
			runOnlyForDeploymentPostprocessing = 0;
		};
		FDAFB5B419F6134E0082396F /* Sources */ = {
			isa = PBXSourcesBuildPhase;
			buildActionMask = 2147483647;
			files = (
				FDAFB5BF19F6134E0082396F /* FindFoodTests.m in Sources */,
			);
			runOnlyForDeploymentPostprocessing = 0;
		};
/* End PBXSourcesBuildPhase section */

/* Begin PBXTargetDependency section */
		FDAFB5BA19F6134E0082396F /* PBXTargetDependency */ = {
			isa = PBXTargetDependency;
			target = FDAFB59B19F6134E0082396F /* FindFood */;
			targetProxy = FDAFB5B919F6134E0082396F /* PBXContainerItemProxy */;
		};
/* End PBXTargetDependency section */

/* Begin PBXVariantGroup section */
		FDAFB5AC19F6134E0082396F /* Main.storyboard */ = {
			isa = PBXVariantGroup;
			children = (
				FDAFB5AD19F6134E0082396F /* Base */,
			);
			name = Main.storyboard;
			sourceTree = "<group>";
		};
		FDAFB5B119F6134E0082396F /* LaunchScreen.xib */ = {
			isa = PBXVariantGroup;
			children = (
				FDAFB5B219F6134E0082396F /* Base */,
			);
			name = LaunchScreen.xib;
			sourceTree = "<group>";
		};
/* End PBXVariantGroup section */

/* Begin XCBuildConfiguration section */
		FDAFB5C019F6134E0082396F /* Debug */ = {
			isa = XCBuildConfiguration;
			buildSettings = {
				ALWAYS_SEARCH_USER_PATHS = NO;
				CLANG_CXX_LANGUAGE_STANDARD = "gnu++0x";
				CLANG_CXX_LIBRARY = "libc++";
				CLANG_ENABLE_MODULES = YES;
				CLANG_ENABLE_OBJC_ARC = YES;
				CLANG_WARN_BOOL_CONVERSION = YES;
				CLANG_WARN_CONSTANT_CONVERSION = YES;
				CLANG_WARN_DIRECT_OBJC_ISA_USAGE = YES_ERROR;
				CLANG_WARN_EMPTY_BODY = YES;
				CLANG_WARN_ENUM_CONVERSION = YES;
				CLANG_WARN_INT_CONVERSION = YES;
				CLANG_WARN_OBJC_ROOT_CLASS = YES_ERROR;
				CLANG_WARN_UNREACHABLE_CODE = YES;
				CLANG_WARN__DUPLICATE_METHOD_MATCH = YES;
				"CODE_SIGN_IDENTITY[sdk=iphoneos*]" = "iPhone Developer";
				COPY_PHASE_STRIP = NO;
				ENABLE_STRICT_OBJC_MSGSEND = YES;
				GCC_C_LANGUAGE_STANDARD = gnu99;
				GCC_DYNAMIC_NO_PIC = NO;
				GCC_OPTIMIZATION_LEVEL = 0;
				GCC_PREPROCESSOR_DEFINITIONS = (
					"DEBUG=1",
					"$(inherited)",
				);
				GCC_SYMBOLS_PRIVATE_EXTERN = NO;
				GCC_WARN_64_TO_32_BIT_CONVERSION = YES;
				GCC_WARN_ABOUT_RETURN_TYPE = YES_ERROR;
				GCC_WARN_UNDECLARED_SELECTOR = YES;
				GCC_WARN_UNINITIALIZED_AUTOS = YES_AGGRESSIVE;
				GCC_WARN_UNUSED_FUNCTION = YES;
				GCC_WARN_UNUSED_VARIABLE = YES;
				IPHONEOS_DEPLOYMENT_TARGET = 8.0;
				MTL_ENABLE_DEBUG_INFO = YES;
				ONLY_ACTIVE_ARCH = YES;
				SDKROOT = iphoneos;
			};
			name = Debug;
		};
		FDAFB5C119F6134E0082396F /* Release */ = {
			isa = XCBuildConfiguration;
			buildSettings = {
				ALWAYS_SEARCH_USER_PATHS = NO;
				CLANG_CXX_LANGUAGE_STANDARD = "gnu++0x";
				CLANG_CXX_LIBRARY = "libc++";
				CLANG_ENABLE_MODULES = YES;
				CLANG_ENABLE_OBJC_ARC = YES;
				CLANG_WARN_BOOL_CONVERSION = YES;
				CLANG_WARN_CONSTANT_CONVERSION = YES;
				CLANG_WARN_DIRECT_OBJC_ISA_USAGE = YES_ERROR;
				CLANG_WARN_EMPTY_BODY = YES;
				CLANG_WARN_ENUM_CONVERSION = YES;
				CLANG_WARN_INT_CONVERSION = YES;
				CLANG_WARN_OBJC_ROOT_CLASS = YES_ERROR;
				CLANG_WARN_UNREACHABLE_CODE = YES;
				CLANG_WARN__DUPLICATE_METHOD_MATCH = YES;
				"CODE_SIGN_IDENTITY[sdk=iphoneos*]" = "iPhone Developer";
				COPY_PHASE_STRIP = YES;
				ENABLE_NS_ASSERTIONS = NO;
				ENABLE_STRICT_OBJC_MSGSEND = YES;
				GCC_C_LANGUAGE_STANDARD = gnu99;
				GCC_WARN_64_TO_32_BIT_CONVERSION = YES;
				GCC_WARN_ABOUT_RETURN_TYPE = YES_ERROR;
				GCC_WARN_UNDECLARED_SELECTOR = YES;
				GCC_WARN_UNINITIALIZED_AUTOS = YES_AGGRESSIVE;
				GCC_WARN_UNUSED_FUNCTION = YES;
				GCC_WARN_UNUSED_VARIABLE = YES;
				IPHONEOS_DEPLOYMENT_TARGET = 8.0;
				MTL_ENABLE_DEBUG_INFO = NO;
				SDKROOT = iphoneos;
				VALIDATE_PRODUCT = YES;
			};
			name = Release;
		};
		FDAFB5C319F6134E0082396F /* Debug */ = {
			isa = XCBuildConfiguration;
			buildSettings = {
				ASSETCATALOG_COMPILER_APPICON_NAME = AppIcon;
				INFOPLIST_FILE = FindFood/Info.plist;
				LD_RUNPATH_SEARCH_PATHS = "$(inherited) @executable_path/Frameworks";
				PRODUCT_NAME = "$(TARGET_NAME)";
			};
			name = Debug;
		};
		FDAFB5C419F6134E0082396F /* Release */ = {
			isa = XCBuildConfiguration;
			buildSettings = {
				ASSETCATALOG_COMPILER_APPICON_NAME = AppIcon;
				INFOPLIST_FILE = FindFood/Info.plist;
				LD_RUNPATH_SEARCH_PATHS = "$(inherited) @executable_path/Frameworks";
				PRODUCT_NAME = "$(TARGET_NAME)";
			};
			name = Release;
		};
		FDAFB5C619F6134E0082396F /* Debug */ = {
			isa = XCBuildConfiguration;
			buildSettings = {
				BUNDLE_LOADER = "$(TEST_HOST)";
				FRAMEWORK_SEARCH_PATHS = (
					"$(SDKROOT)/Developer/Library/Frameworks",
					"$(inherited)",
				);
				GCC_PREPROCESSOR_DEFINITIONS = (
					"DEBUG=1",
					"$(inherited)",
				);
				INFOPLIST_FILE = FindFoodTests/Info.plist;
				LD_RUNPATH_SEARCH_PATHS = "$(inherited) @executable_path/Frameworks @loader_path/Frameworks";
				PRODUCT_NAME = "$(TARGET_NAME)";
				TEST_HOST = "$(BUILT_PRODUCTS_DIR)/FindFood.app/FindFood";
			};
			name = Debug;
		};
		FDAFB5C719F6134E0082396F /* Release */ = {
			isa = XCBuildConfiguration;
			buildSettings = {
				BUNDLE_LOADER = "$(TEST_HOST)";
				FRAMEWORK_SEARCH_PATHS = (
					"$(SDKROOT)/Developer/Library/Frameworks",
					"$(inherited)",
				);
				INFOPLIST_FILE = FindFoodTests/Info.plist;
				LD_RUNPATH_SEARCH_PATHS = "$(inherited) @executable_path/Frameworks @loader_path/Frameworks";
				PRODUCT_NAME = "$(TARGET_NAME)";
				TEST_HOST = "$(BUILT_PRODUCTS_DIR)/FindFood.app/FindFood";
			};
			name = Release;
		};
/* End XCBuildConfiguration section */

/* Begin XCConfigurationList section */
		FDAFB59719F6134E0082396F /* Build configuration list for PBXProject "FindFood" */ = {
			isa = XCConfigurationList;
			buildConfigurations = (
				FDAFB5C019F6134E0082396F /* Debug */,
				FDAFB5C119F6134E0082396F /* Release */,
			);
			defaultConfigurationIsVisible = 0;
			defaultConfigurationName = Release;
		};
		FDAFB5C219F6134E0082396F /* Build configuration list for PBXNativeTarget "FindFood" */ = {
			isa = XCConfigurationList;
			buildConfigurations = (
				FDAFB5C319F6134E0082396F /* Debug */,
				FDAFB5C419F6134E0082396F /* Release */,
			);
			defaultConfigurationIsVisible = 0;
		};
		FDAFB5C519F6134E0082396F /* Build configuration list for PBXNativeTarget "FindFoodTests" */ = {
			isa = XCConfigurationList;
			buildConfigurations = (
				FDAFB5C619F6134E0082396F /* Debug */,
				FDAFB5C719F6134E0082396F /* Release */,
			);
			defaultConfigurationIsVisible = 0;
		};
/* End XCConfigurationList section */
	};
	rootObject = FDAFB59419F6134E0082396F /* Project object */;
}
