// !$*UTF8*$!
{
	archiveVersion = 1;
	classes = {
	};
	objectVersion = 46;
	objects = {

/* Begin PBXBuildFile section */
		FDAFB64D19F8B0CA0082396F /* main.m in Sources */ = {isa = PBXBuildFile; fileRef = FDAFB64C19F8B0CA0082396F /* main.m */; };
		FDAFB65019F8B0CA0082396F /* AppDelegate.m in Sources */ = {isa = PBXBuildFile; fileRef = FDAFB64F19F8B0CA0082396F /* AppDelegate.m */; };
		FDAFB65319F8B0CA0082396F /* MasterViewController.m in Sources */ = {isa = PBXBuildFile; fileRef = FDAFB65219F8B0CA0082396F /* MasterViewController.m */; };
		FDAFB65619F8B0CA0082396F /* DetailViewController.m in Sources */ = {isa = PBXBuildFile; fileRef = FDAFB65519F8B0CA0082396F /* DetailViewController.m */; };
		FDAFB65919F8B0CA0082396F /* Main.storyboard in Resources */ = {isa = PBXBuildFile; fileRef = FDAFB65719F8B0CA0082396F /* Main.storyboard */; };
		FDAFB65B19F8B0CA0082396F /* Images.xcassets in Resources */ = {isa = PBXBuildFile; fileRef = FDAFB65A19F8B0CA0082396F /* Images.xcassets */; };
		FDAFB65E19F8B0CA0082396F /* LaunchScreen.xib in Resources */ = {isa = PBXBuildFile; fileRef = FDAFB65C19F8B0CA0082396F /* LaunchScreen.xib */; };
		FDAFB66A19F8B0CB0082396F /* pruebita2Tests.m in Sources */ = {isa = PBXBuildFile; fileRef = FDAFB66919F8B0CB0082396F /* pruebita2Tests.m */; };
/* End PBXBuildFile section */

/* Begin PBXContainerItemProxy section */
		FDAFB66419F8B0CB0082396F /* PBXContainerItemProxy */ = {
			isa = PBXContainerItemProxy;
			containerPortal = FDAFB63F19F8B0CA0082396F /* Project object */;
			proxyType = 1;
			remoteGlobalIDString = FDAFB64619F8B0CA0082396F;
			remoteInfo = pruebita2;
		};
/* End PBXContainerItemProxy section */

/* Begin PBXFileReference section */
		FDAFB64719F8B0CA0082396F /* pruebita2.app */ = {isa = PBXFileReference; explicitFileType = wrapper.application; includeInIndex = 0; path = pruebita2.app; sourceTree = BUILT_PRODUCTS_DIR; };
		FDAFB64B19F8B0CA0082396F /* Info.plist */ = {isa = PBXFileReference; lastKnownFileType = text.plist.xml; path = Info.plist; sourceTree = "<group>"; };
		FDAFB64C19F8B0CA0082396F /* main.m */ = {isa = PBXFileReference; lastKnownFileType = sourcecode.c.objc; path = main.m; sourceTree = "<group>"; };
		FDAFB64E19F8B0CA0082396F /* AppDelegate.h */ = {isa = PBXFileReference; lastKnownFileType = sourcecode.c.h; path = AppDelegate.h; sourceTree = "<group>"; };
		FDAFB64F19F8B0CA0082396F /* AppDelegate.m */ = {isa = PBXFileReference; lastKnownFileType = sourcecode.c.objc; path = AppDelegate.m; sourceTree = "<group>"; };
		FDAFB65119F8B0CA0082396F /* MasterViewController.h */ = {isa = PBXFileReference; lastKnownFileType = sourcecode.c.h; path = MasterViewController.h; sourceTree = "<group>"; };
		FDAFB65219F8B0CA0082396F /* MasterViewController.m */ = {isa = PBXFileReference; lastKnownFileType = sourcecode.c.objc; path = MasterViewController.m; sourceTree = "<group>"; };
		FDAFB65419F8B0CA0082396F /* DetailViewController.h */ = {isa = PBXFileReference; lastKnownFileType = sourcecode.c.h; path = DetailViewController.h; sourceTree = "<group>"; };
		FDAFB65519F8B0CA0082396F /* DetailViewController.m */ = {isa = PBXFileReference; lastKnownFileType = sourcecode.c.objc; path = DetailViewController.m; sourceTree = "<group>"; };
		FDAFB65819F8B0CA0082396F /* Base */ = {isa = PBXFileReference; lastKnownFileType = file.storyboard; name = Base; path = Base.lproj/Main.storyboard; sourceTree = "<group>"; };
		FDAFB65A19F8B0CA0082396F /* Images.xcassets */ = {isa = PBXFileReference; lastKnownFileType = folder.assetcatalog; path = Images.xcassets; sourceTree = "<group>"; };
		FDAFB65D19F8B0CA0082396F /* Base */ = {isa = PBXFileReference; lastKnownFileType = file.xib; name = Base; path = Base.lproj/LaunchScreen.xib; sourceTree = "<group>"; };
		FDAFB66319F8B0CB0082396F /* pruebita2Tests.xctest */ = {isa = PBXFileReference; explicitFileType = wrapper.cfbundle; includeInIndex = 0; path = pruebita2Tests.xctest; sourceTree = BUILT_PRODUCTS_DIR; };
		FDAFB66819F8B0CB0082396F /* Info.plist */ = {isa = PBXFileReference; lastKnownFileType = text.plist.xml; path = Info.plist; sourceTree = "<group>"; };
		FDAFB66919F8B0CB0082396F /* pruebita2Tests.m */ = {isa = PBXFileReference; lastKnownFileType = sourcecode.c.objc; path = pruebita2Tests.m; sourceTree = "<group>"; };
/* End PBXFileReference section */

/* Begin PBXFrameworksBuildPhase section */
		FDAFB64419F8B0CA0082396F /* Frameworks */ = {
			isa = PBXFrameworksBuildPhase;
			buildActionMask = 2147483647;
			files = (
			);
			runOnlyForDeploymentPostprocessing = 0;
		};
		FDAFB66019F8B0CB0082396F /* Frameworks */ = {
			isa = PBXFrameworksBuildPhase;
			buildActionMask = 2147483647;
			files = (
			);
			runOnlyForDeploymentPostprocessing = 0;
		};
/* End PBXFrameworksBuildPhase section */

/* Begin PBXGroup section */
		FDAFB63E19F8B0CA0082396F = {
			isa = PBXGroup;
			children = (
				FDAFB64919F8B0CA0082396F /* pruebita2 */,
				FDAFB66619F8B0CB0082396F /* pruebita2Tests */,
				FDAFB64819F8B0CA0082396F /* Products */,
			);
			sourceTree = "<group>";
		};
		FDAFB64819F8B0CA0082396F /* Products */ = {
			isa = PBXGroup;
			children = (
				FDAFB64719F8B0CA0082396F /* pruebita2.app */,
				FDAFB66319F8B0CB0082396F /* pruebita2Tests.xctest */,
			);
			name = Products;
			sourceTree = "<group>";
		};
		FDAFB64919F8B0CA0082396F /* pruebita2 */ = {
			isa = PBXGroup;
			children = (
				FDAFB64E19F8B0CA0082396F /* AppDelegate.h */,
				FDAFB64F19F8B0CA0082396F /* AppDelegate.m */,
				FDAFB65119F8B0CA0082396F /* MasterViewController.h */,
				FDAFB65219F8B0CA0082396F /* MasterViewController.m */,
				FDAFB65419F8B0CA0082396F /* DetailViewController.h */,
				FDAFB65519F8B0CA0082396F /* DetailViewController.m */,
				FDAFB65719F8B0CA0082396F /* Main.storyboard */,
				FDAFB65A19F8B0CA0082396F /* Images.xcassets */,
				FDAFB65C19F8B0CA0082396F /* LaunchScreen.xib */,
				FDAFB64A19F8B0CA0082396F /* Supporting Files */,
			);
			path = pruebita2;
			sourceTree = "<group>";
		};
		FDAFB64A19F8B0CA0082396F /* Supporting Files */ = {
			isa = PBXGroup;
			children = (
				FDAFB64B19F8B0CA0082396F /* Info.plist */,
				FDAFB64C19F8B0CA0082396F /* main.m */,
			);
			name = "Supporting Files";
			sourceTree = "<group>";
		};
		FDAFB66619F8B0CB0082396F /* pruebita2Tests */ = {
			isa = PBXGroup;
			children = (
				FDAFB66919F8B0CB0082396F /* pruebita2Tests.m */,
				FDAFB66719F8B0CB0082396F /* Supporting Files */,
			);
			path = pruebita2Tests;
			sourceTree = "<group>";
		};
		FDAFB66719F8B0CB0082396F /* Supporting Files */ = {
			isa = PBXGroup;
			children = (
				FDAFB66819F8B0CB0082396F /* Info.plist */,
			);
			name = "Supporting Files";
			sourceTree = "<group>";
		};
/* End PBXGroup section */

/* Begin PBXNativeTarget section */
		FDAFB64619F8B0CA0082396F /* pruebita2 */ = {
			isa = PBXNativeTarget;
			buildConfigurationList = FDAFB66D19F8B0CB0082396F /* Build configuration list for PBXNativeTarget "pruebita2" */;
			buildPhases = (
				FDAFB64319F8B0CA0082396F /* Sources */,
				FDAFB64419F8B0CA0082396F /* Frameworks */,
				FDAFB64519F8B0CA0082396F /* Resources */,
			);
			buildRules = (
			);
			dependencies = (
			);
			name = pruebita2;
			productName = pruebita2;
			productReference = FDAFB64719F8B0CA0082396F /* pruebita2.app */;
			productType = "com.apple.product-type.application";
		};
		FDAFB66219F8B0CB0082396F /* pruebita2Tests */ = {
			isa = PBXNativeTarget;
			buildConfigurationList = FDAFB67019F8B0CB0082396F /* Build configuration list for PBXNativeTarget "pruebita2Tests" */;
			buildPhases = (
				FDAFB65F19F8B0CB0082396F /* Sources */,
				FDAFB66019F8B0CB0082396F /* Frameworks */,
				FDAFB66119F8B0CB0082396F /* Resources */,
			);
			buildRules = (
			);
			dependencies = (
				FDAFB66519F8B0CB0082396F /* PBXTargetDependency */,
			);
			name = pruebita2Tests;
			productName = pruebita2Tests;
			productReference = FDAFB66319F8B0CB0082396F /* pruebita2Tests.xctest */;
			productType = "com.apple.product-type.bundle.unit-test";
		};
/* End PBXNativeTarget section */

/* Begin PBXProject section */
		FDAFB63F19F8B0CA0082396F /* Project object */ = {
			isa = PBXProject;
			attributes = {
				LastUpgradeCheck = 0600;
				ORGANIZATIONNAME = ITESM;
				TargetAttributes = {
					FDAFB64619F8B0CA0082396F = {
						CreatedOnToolsVersion = 6.0.1;
					};
					FDAFB66219F8B0CB0082396F = {
						CreatedOnToolsVersion = 6.0.1;
						TestTargetID = FDAFB64619F8B0CA0082396F;
					};
				};
			};
			buildConfigurationList = FDAFB64219F8B0CA0082396F /* Build configuration list for PBXProject "pruebita2" */;
			compatibilityVersion = "Xcode 3.2";
			developmentRegion = English;
			hasScannedForEncodings = 0;
			knownRegions = (
				en,
				Base,
			);
			mainGroup = FDAFB63E19F8B0CA0082396F;
			productRefGroup = FDAFB64819F8B0CA0082396F /* Products */;
			projectDirPath = "";
			projectRoot = "";
			targets = (
				FDAFB64619F8B0CA0082396F /* pruebita2 */,
				FDAFB66219F8B0CB0082396F /* pruebita2Tests */,
			);
		};
/* End PBXProject section */

/* Begin PBXResourcesBuildPhase section */
		FDAFB64519F8B0CA0082396F /* Resources */ = {
			isa = PBXResourcesBuildPhase;
			buildActionMask = 2147483647;
			files = (
				FDAFB65919F8B0CA0082396F /* Main.storyboard in Resources */,
				FDAFB65E19F8B0CA0082396F /* LaunchScreen.xib in Resources */,
				FDAFB65B19F8B0CA0082396F /* Images.xcassets in Resources */,
			);
			runOnlyForDeploymentPostprocessing = 0;
		};
		FDAFB66119F8B0CB0082396F /* Resources */ = {
			isa = PBXResourcesBuildPhase;
			buildActionMask = 2147483647;
			files = (
			);
			runOnlyForDeploymentPostprocessing = 0;
		};
/* End PBXResourcesBuildPhase section */

/* Begin PBXSourcesBuildPhase section */
		FDAFB64319F8B0CA0082396F /* Sources */ = {
			isa = PBXSourcesBuildPhase;
			buildActionMask = 2147483647;
			files = (
				FDAFB65019F8B0CA0082396F /* AppDelegate.m in Sources */,
				FDAFB65319F8B0CA0082396F /* MasterViewController.m in Sources */,
				FDAFB64D19F8B0CA0082396F /* main.m in Sources */,
				FDAFB65619F8B0CA0082396F /* DetailViewController.m in Sources */,
			);
			runOnlyForDeploymentPostprocessing = 0;
		};
		FDAFB65F19F8B0CB0082396F /* Sources */ = {
			isa = PBXSourcesBuildPhase;
			buildActionMask = 2147483647;
			files = (
				FDAFB66A19F8B0CB0082396F /* pruebita2Tests.m in Sources */,
			);
			runOnlyForDeploymentPostprocessing = 0;
		};
/* End PBXSourcesBuildPhase section */

/* Begin PBXTargetDependency section */
		FDAFB66519F8B0CB0082396F /* PBXTargetDependency */ = {
			isa = PBXTargetDependency;
			target = FDAFB64619F8B0CA0082396F /* pruebita2 */;
			targetProxy = FDAFB66419F8B0CB0082396F /* PBXContainerItemProxy */;
		};
/* End PBXTargetDependency section */

/* Begin PBXVariantGroup section */
		FDAFB65719F8B0CA0082396F /* Main.storyboard */ = {
			isa = PBXVariantGroup;
			children = (
				FDAFB65819F8B0CA0082396F /* Base */,
			);
			name = Main.storyboard;
			sourceTree = "<group>";
		};
		FDAFB65C19F8B0CA0082396F /* LaunchScreen.xib */ = {
			isa = PBXVariantGroup;
			children = (
				FDAFB65D19F8B0CA0082396F /* Base */,
			);
			name = LaunchScreen.xib;
			sourceTree = "<group>";
		};
/* End PBXVariantGroup section */

/* Begin XCBuildConfiguration section */
		FDAFB66B19F8B0CB0082396F /* Debug */ = {
			isa = XCBuildConfiguration;
			buildSettings = {
				ALWAYS_SEARCH_USER_PATHS = NO;
				CLANG_CXX_LANGUAGE_STANDARD = "gnu++0x";
				CLANG_CXX_LIBRARY = "libc++";
				CLANG_ENABLE_MODULES = YES;
				CLANG_ENABLE_OBJC_ARC = YES;
				CLANG_WARN_BOOL_CONVERSION = YES;
				CLANG_WARN_CONSTANT_CONVERSION = YES;
				CLANG_WARN_DIRECT_OBJC_ISA_USAGE = YES_ERROR;
				CLANG_WARN_EMPTY_BODY = YES;
				CLANG_WARN_ENUM_CONVERSION = YES;
				CLANG_WARN_INT_CONVERSION = YES;
				CLANG_WARN_OBJC_ROOT_CLASS = YES_ERROR;
				CLANG_WARN_UNREACHABLE_CODE = YES;
				CLANG_WARN__DUPLICATE_METHOD_MATCH = YES;
				"CODE_SIGN_IDENTITY[sdk=iphoneos*]" = "iPhone Developer";
				COPY_PHASE_STRIP = NO;
				ENABLE_STRICT_OBJC_MSGSEND = YES;
				GCC_C_LANGUAGE_STANDARD = gnu99;
				GCC_DYNAMIC_NO_PIC = NO;
				GCC_OPTIMIZATION_LEVEL = 0;
				GCC_PREPROCESSOR_DEFINITIONS = (
					"DEBUG=1",
					"$(inherited)",
				);
				GCC_SYMBOLS_PRIVATE_EXTERN = NO;
				GCC_WARN_64_TO_32_BIT_CONVERSION = YES;
				GCC_WARN_ABOUT_RETURN_TYPE = YES_ERROR;
				GCC_WARN_UNDECLARED_SELECTOR = YES;
				GCC_WARN_UNINITIALIZED_AUTOS = YES_AGGRESSIVE;
				GCC_WARN_UNUSED_FUNCTION = YES;
				GCC_WARN_UNUSED_VARIABLE = YES;
				IPHONEOS_DEPLOYMENT_TARGET = 8.0;
				MTL_ENABLE_DEBUG_INFO = YES;
				ONLY_ACTIVE_ARCH = YES;
				SDKROOT = iphoneos;
			};
			name = Debug;
		};
		FDAFB66C19F8B0CB0082396F /* Release */ = {
			isa = XCBuildConfiguration;
			buildSettings = {
				ALWAYS_SEARCH_USER_PATHS = NO;
				CLANG_CXX_LANGUAGE_STANDARD = "gnu++0x";
				CLANG_CXX_LIBRARY = "libc++";
				CLANG_ENABLE_MODULES = YES;
				CLANG_ENABLE_OBJC_ARC = YES;
				CLANG_WARN_BOOL_CONVERSION = YES;
				CLANG_WARN_CONSTANT_CONVERSION = YES;
				CLANG_WARN_DIRECT_OBJC_ISA_USAGE = YES_ERROR;
				CLANG_WARN_EMPTY_BODY = YES;
				CLANG_WARN_ENUM_CONVERSION = YES;
				CLANG_WARN_INT_CONVERSION = YES;
				CLANG_WARN_OBJC_ROOT_CLASS = YES_ERROR;
				CLANG_WARN_UNREACHABLE_CODE = YES;
				CLANG_WARN__DUPLICATE_METHOD_MATCH = YES;
				"CODE_SIGN_IDENTITY[sdk=iphoneos*]" = "iPhone Developer";
				COPY_PHASE_STRIP = YES;
				ENABLE_NS_ASSERTIONS = NO;
				ENABLE_STRICT_OBJC_MSGSEND = YES;
				GCC_C_LANGUAGE_STANDARD = gnu99;
				GCC_WARN_64_TO_32_BIT_CONVERSION = YES;
				GCC_WARN_ABOUT_RETURN_TYPE = YES_ERROR;
				GCC_WARN_UNDECLARED_SELECTOR = YES;
				GCC_WARN_UNINITIALIZED_AUTOS = YES_AGGRESSIVE;
				GCC_WARN_UNUSED_FUNCTION = YES;
				GCC_WARN_UNUSED_VARIABLE = YES;
				IPHONEOS_DEPLOYMENT_TARGET = 8.0;
				MTL_ENABLE_DEBUG_INFO = NO;
				SDKROOT = iphoneos;
				VALIDATE_PRODUCT = YES;
			};
			name = Release;
		};
		FDAFB66E19F8B0CB0082396F /* Debug */ = {
			isa = XCBuildConfiguration;
			buildSettings = {
				ASSETCATALOG_COMPILER_APPICON_NAME = AppIcon;
				INFOPLIST_FILE = pruebita2/Info.plist;
				LD_RUNPATH_SEARCH_PATHS = "$(inherited) @executable_path/Frameworks";
				PRODUCT_NAME = "$(TARGET_NAME)";
			};
			name = Debug;
		};
		FDAFB66F19F8B0CB0082396F /* Release */ = {
			isa = XCBuildConfiguration;
			buildSettings = {
				ASSETCATALOG_COMPILER_APPICON_NAME = AppIcon;
				INFOPLIST_FILE = pruebita2/Info.plist;
				LD_RUNPATH_SEARCH_PATHS = "$(inherited) @executable_path/Frameworks";
				PRODUCT_NAME = "$(TARGET_NAME)";
			};
			name = Release;
		};
		FDAFB67119F8B0CB0082396F /* Debug */ = {
			isa = XCBuildConfiguration;
			buildSettings = {
				BUNDLE_LOADER = "$(TEST_HOST)";
				FRAMEWORK_SEARCH_PATHS = (
					"$(SDKROOT)/Developer/Library/Frameworks",
					"$(inherited)",
				);
				GCC_PREPROCESSOR_DEFINITIONS = (
					"DEBUG=1",
					"$(inherited)",
				);
				INFOPLIST_FILE = pruebita2Tests/Info.plist;
				LD_RUNPATH_SEARCH_PATHS = "$(inherited) @executable_path/Frameworks @loader_path/Frameworks";
				PRODUCT_NAME = "$(TARGET_NAME)";
				TEST_HOST = "$(BUILT_PRODUCTS_DIR)/pruebita2.app/pruebita2";
			};
			name = Debug;
		};
		FDAFB67219F8B0CB0082396F /* Release */ = {
			isa = XCBuildConfiguration;
			buildSettings = {
				BUNDLE_LOADER = "$(TEST_HOST)";
				FRAMEWORK_SEARCH_PATHS = (
					"$(SDKROOT)/Developer/Library/Frameworks",
					"$(inherited)",
				);
				INFOPLIST_FILE = pruebita2Tests/Info.plist;
				LD_RUNPATH_SEARCH_PATHS = "$(inherited) @executable_path/Frameworks @loader_path/Frameworks";
				PRODUCT_NAME = "$(TARGET_NAME)";
				TEST_HOST = "$(BUILT_PRODUCTS_DIR)/pruebita2.app/pruebita2";
			};
			name = Release;
		};
/* End XCBuildConfiguration section */

/* Begin XCConfigurationList section */
		FDAFB64219F8B0CA0082396F /* Build configuration list for PBXProject "pruebita2" */ = {
			isa = XCConfigurationList;
			buildConfigurations = (
				FDAFB66B19F8B0CB0082396F /* Debug */,
				FDAFB66C19F8B0CB0082396F /* Release */,
			);
			defaultConfigurationIsVisible = 0;
			defaultConfigurationName = Release;
		};
		FDAFB66D19F8B0CB0082396F /* Build configuration list for PBXNativeTarget "pruebita2" */ = {
			isa = XCConfigurationList;
			buildConfigurations = (
				FDAFB66E19F8B0CB0082396F /* Debug */,
				FDAFB66F19F8B0CB0082396F /* Release */,
			);
			defaultConfigurationIsVisible = 0;
		};
		FDAFB67019F8B0CB0082396F /* Build configuration list for PBXNativeTarget "pruebita2Tests" */ = {
			isa = XCConfigurationList;
			buildConfigurations = (
				FDAFB67119F8B0CB0082396F /* Debug */,
				FDAFB67219F8B0CB0082396F /* Release */,
			);
			defaultConfigurationIsVisible = 0;
		};
/* End XCConfigurationList section */
	};
	rootObject = FDAFB63F19F8B0CA0082396F /* Project object */;
}
