// !$*UTF8*$!
{
	archiveVersion = 1;
	classes = {
	};
	objectVersion = 46;
	objects = {

/* Begin PBXBuildFile section */
		FDAFB72419F8BDEC0082396F /* main.m in Sources */ = {isa = PBXBuildFile; fileRef = FDAFB72319F8BDEC0082396F /* main.m */; };
		FDAFB72719F8BDEC0082396F /* AppDelegate.m in Sources */ = {isa = PBXBuildFile; fileRef = FDAFB72619F8BDEC0082396F /* AppDelegate.m */; };
		FDAFB72A19F8BDEC0082396F /* ViewController.m in Sources */ = {isa = PBXBuildFile; fileRef = FDAFB72919F8BDEC0082396F /* ViewController.m */; };
		FDAFB72D19F8BDEC0082396F /* Main.storyboard in Resources */ = {isa = PBXBuildFile; fileRef = FDAFB72B19F8BDEC0082396F /* Main.storyboard */; };
		FDAFB72F19F8BDEC0082396F /* Images.xcassets in Resources */ = {isa = PBXBuildFile; fileRef = FDAFB72E19F8BDEC0082396F /* Images.xcassets */; };
		FDAFB73219F8BDEC0082396F /* LaunchScreen.xib in Resources */ = {isa = PBXBuildFile; fileRef = FDAFB73019F8BDEC0082396F /* LaunchScreen.xib */; };
		FDAFB73E19F8BDEC0082396F /* pruTests.m in Sources */ = {isa = PBXBuildFile; fileRef = FDAFB73D19F8BDEC0082396F /* pruTests.m */; };
/* End PBXBuildFile section */

/* Begin PBXContainerItemProxy section */
		FDAFB73819F8BDEC0082396F /* PBXContainerItemProxy */ = {
			isa = PBXContainerItemProxy;
			containerPortal = FDAFB71619F8BDEB0082396F /* Project object */;
			proxyType = 1;
			remoteGlobalIDString = FDAFB71D19F8BDEC0082396F;
			remoteInfo = pru;
		};
/* End PBXContainerItemProxy section */

/* Begin PBXFileReference section */
		FDAFB71E19F8BDEC0082396F /* pru.app */ = {isa = PBXFileReference; explicitFileType = wrapper.application; includeInIndex = 0; path = pru.app; sourceTree = BUILT_PRODUCTS_DIR; };
		FDAFB72219F8BDEC0082396F /* Info.plist */ = {isa = PBXFileReference; lastKnownFileType = text.plist.xml; path = Info.plist; sourceTree = "<group>"; };
		FDAFB72319F8BDEC0082396F /* main.m */ = {isa = PBXFileReference; lastKnownFileType = sourcecode.c.objc; path = main.m; sourceTree = "<group>"; };
		FDAFB72519F8BDEC0082396F /* AppDelegate.h */ = {isa = PBXFileReference; lastKnownFileType = sourcecode.c.h; path = AppDelegate.h; sourceTree = "<group>"; };
		FDAFB72619F8BDEC0082396F /* AppDelegate.m */ = {isa = PBXFileReference; lastKnownFileType = sourcecode.c.objc; path = AppDelegate.m; sourceTree = "<group>"; };
		FDAFB72819F8BDEC0082396F /* ViewController.h */ = {isa = PBXFileReference; lastKnownFileType = sourcecode.c.h; path = ViewController.h; sourceTree = "<group>"; };
		FDAFB72919F8BDEC0082396F /* ViewController.m */ = {isa = PBXFileReference; lastKnownFileType = sourcecode.c.objc; path = ViewController.m; sourceTree = "<group>"; };
		FDAFB72C19F8BDEC0082396F /* Base */ = {isa = PBXFileReference; lastKnownFileType = file.storyboard; name = Base; path = Base.lproj/Main.storyboard; sourceTree = "<group>"; };
		FDAFB72E19F8BDEC0082396F /* Images.xcassets */ = {isa = PBXFileReference; lastKnownFileType = folder.assetcatalog; path = Images.xcassets; sourceTree = "<group>"; };
		FDAFB73119F8BDEC0082396F /* Base */ = {isa = PBXFileReference; lastKnownFileType = file.xib; name = Base; path = Base.lproj/LaunchScreen.xib; sourceTree = "<group>"; };
		FDAFB73719F8BDEC0082396F /* pruTests.xctest */ = {isa = PBXFileReference; explicitFileType = wrapper.cfbundle; includeInIndex = 0; path = pruTests.xctest; sourceTree = BUILT_PRODUCTS_DIR; };
		FDAFB73C19F8BDEC0082396F /* Info.plist */ = {isa = PBXFileReference; lastKnownFileType = text.plist.xml; path = Info.plist; sourceTree = "<group>"; };
		FDAFB73D19F8BDEC0082396F /* pruTests.m */ = {isa = PBXFileReference; lastKnownFileType = sourcecode.c.objc; path = pruTests.m; sourceTree = "<group>"; };
/* End PBXFileReference section */

/* Begin PBXFrameworksBuildPhase section */
		FDAFB71B19F8BDEC0082396F /* Frameworks */ = {
			isa = PBXFrameworksBuildPhase;
			buildActionMask = 2147483647;
			files = (
			);
			runOnlyForDeploymentPostprocessing = 0;
		};
		FDAFB73419F8BDEC0082396F /* Frameworks */ = {
			isa = PBXFrameworksBuildPhase;
			buildActionMask = 2147483647;
			files = (
			);
			runOnlyForDeploymentPostprocessing = 0;
		};
/* End PBXFrameworksBuildPhase section */

/* Begin PBXGroup section */
		FDAFB71519F8BDEB0082396F = {
			isa = PBXGroup;
			children = (
				FDAFB72019F8BDEC0082396F /* pru */,
				FDAFB73A19F8BDEC0082396F /* pruTests */,
				FDAFB71F19F8BDEC0082396F /* Products */,
			);
			sourceTree = "<group>";
		};
		FDAFB71F19F8BDEC0082396F /* Products */ = {
			isa = PBXGroup;
			children = (
				FDAFB71E19F8BDEC0082396F /* pru.app */,
				FDAFB73719F8BDEC0082396F /* pruTests.xctest */,
			);
			name = Products;
			sourceTree = "<group>";
		};
		FDAFB72019F8BDEC0082396F /* pru */ = {
			isa = PBXGroup;
			children = (
				FDAFB72519F8BDEC0082396F /* AppDelegate.h */,
				FDAFB72619F8BDEC0082396F /* AppDelegate.m */,
				FDAFB72819F8BDEC0082396F /* ViewController.h */,
				FDAFB72919F8BDEC0082396F /* ViewController.m */,
				FDAFB72B19F8BDEC0082396F /* Main.storyboard */,
				FDAFB72E19F8BDEC0082396F /* Images.xcassets */,
				FDAFB73019F8BDEC0082396F /* LaunchScreen.xib */,
				FDAFB72119F8BDEC0082396F /* Supporting Files */,
			);
			path = pru;
			sourceTree = "<group>";
		};
		FDAFB72119F8BDEC0082396F /* Supporting Files */ = {
			isa = PBXGroup;
			children = (
				FDAFB72219F8BDEC0082396F /* Info.plist */,
				FDAFB72319F8BDEC0082396F /* main.m */,
			);
			name = "Supporting Files";
			sourceTree = "<group>";
		};
		FDAFB73A19F8BDEC0082396F /* pruTests */ = {
			isa = PBXGroup;
			children = (
				FDAFB73D19F8BDEC0082396F /* pruTests.m */,
				FDAFB73B19F8BDEC0082396F /* Supporting Files */,
			);
			path = pruTests;
			sourceTree = "<group>";
		};
		FDAFB73B19F8BDEC0082396F /* Supporting Files */ = {
			isa = PBXGroup;
			children = (
				FDAFB73C19F8BDEC0082396F /* Info.plist */,
			);
			name = "Supporting Files";
			sourceTree = "<group>";
		};
/* End PBXGroup section */

/* Begin PBXNativeTarget section */
		FDAFB71D19F8BDEC0082396F /* pru */ = {
			isa = PBXNativeTarget;
			buildConfigurationList = FDAFB74119F8BDEC0082396F /* Build configuration list for PBXNativeTarget "pru" */;
			buildPhases = (
				FDAFB71A19F8BDEC0082396F /* Sources */,
				FDAFB71B19F8BDEC0082396F /* Frameworks */,
				FDAFB71C19F8BDEC0082396F /* Resources */,
			);
			buildRules = (
			);
			dependencies = (
			);
			name = pru;
			productName = pru;
			productReference = FDAFB71E19F8BDEC0082396F /* pru.app */;
			productType = "com.apple.product-type.application";
		};
		FDAFB73619F8BDEC0082396F /* pruTests */ = {
			isa = PBXNativeTarget;
			buildConfigurationList = FDAFB74419F8BDEC0082396F /* Build configuration list for PBXNativeTarget "pruTests" */;
			buildPhases = (
				FDAFB73319F8BDEC0082396F /* Sources */,
				FDAFB73419F8BDEC0082396F /* Frameworks */,
				FDAFB73519F8BDEC0082396F /* Resources */,
			);
			buildRules = (
			);
			dependencies = (
				FDAFB73919F8BDEC0082396F /* PBXTargetDependency */,
			);
			name = pruTests;
			productName = pruTests;
			productReference = FDAFB73719F8BDEC0082396F /* pruTests.xctest */;
			productType = "com.apple.product-type.bundle.unit-test";
		};
/* End PBXNativeTarget section */

/* Begin PBXProject section */
		FDAFB71619F8BDEB0082396F /* Project object */ = {
			isa = PBXProject;
			attributes = {
				LastUpgradeCheck = 0600;
				ORGANIZATIONNAME = ITESM;
				TargetAttributes = {
					FDAFB71D19F8BDEC0082396F = {
						CreatedOnToolsVersion = 6.0.1;
					};
					FDAFB73619F8BDEC0082396F = {
						CreatedOnToolsVersion = 6.0.1;
						TestTargetID = FDAFB71D19F8BDEC0082396F;
					};
				};
			};
			buildConfigurationList = FDAFB71919F8BDEB0082396F /* Build configuration list for PBXProject "pru" */;
			compatibilityVersion = "Xcode 3.2";
			developmentRegion = English;
			hasScannedForEncodings = 0;
			knownRegions = (
				en,
				Base,
			);
			mainGroup = FDAFB71519F8BDEB0082396F;
			productRefGroup = FDAFB71F19F8BDEC0082396F /* Products */;
			projectDirPath = "";
			projectRoot = "";
			targets = (
				FDAFB71D19F8BDEC0082396F /* pru */,
				FDAFB73619F8BDEC0082396F /* pruTests */,
			);
		};
/* End PBXProject section */

/* Begin PBXResourcesBuildPhase section */
		FDAFB71C19F8BDEC0082396F /* Resources */ = {
			isa = PBXResourcesBuildPhase;
			buildActionMask = 2147483647;
			files = (
				FDAFB72D19F8BDEC0082396F /* Main.storyboard in Resources */,
				FDAFB73219F8BDEC0082396F /* LaunchScreen.xib in Resources */,
				FDAFB72F19F8BDEC0082396F /* Images.xcassets in Resources */,
			);
			runOnlyForDeploymentPostprocessing = 0;
		};
		FDAFB73519F8BDEC0082396F /* Resources */ = {
			isa = PBXResourcesBuildPhase;
			buildActionMask = 2147483647;
			files = (
			);
			runOnlyForDeploymentPostprocessing = 0;
		};
/* End PBXResourcesBuildPhase section */

/* Begin PBXSourcesBuildPhase section */
		FDAFB71A19F8BDEC0082396F /* Sources */ = {
			isa = PBXSourcesBuildPhase;
			buildActionMask = 2147483647;
			files = (
				FDAFB72A19F8BDEC0082396F /* ViewController.m in Sources */,
				FDAFB72719F8BDEC0082396F /* AppDelegate.m in Sources */,
				FDAFB72419F8BDEC0082396F /* main.m in Sources */,
			);
			runOnlyForDeploymentPostprocessing = 0;
		};
		FDAFB73319F8BDEC0082396F /* Sources */ = {
			isa = PBXSourcesBuildPhase;
			buildActionMask = 2147483647;
			files = (
				FDAFB73E19F8BDEC0082396F /* pruTests.m in Sources */,
			);
			runOnlyForDeploymentPostprocessing = 0;
		};
/* End PBXSourcesBuildPhase section */

/* Begin PBXTargetDependency section */
		FDAFB73919F8BDEC0082396F /* PBXTargetDependency */ = {
			isa = PBXTargetDependency;
			target = FDAFB71D19F8BDEC0082396F /* pru */;
			targetProxy = FDAFB73819F8BDEC0082396F /* PBXContainerItemProxy */;
		};
/* End PBXTargetDependency section */

/* Begin PBXVariantGroup section */
		FDAFB72B19F8BDEC0082396F /* Main.storyboard */ = {
			isa = PBXVariantGroup;
			children = (
				FDAFB72C19F8BDEC0082396F /* Base */,
			);
			name = Main.storyboard;
			sourceTree = "<group>";
		};
		FDAFB73019F8BDEC0082396F /* LaunchScreen.xib */ = {
			isa = PBXVariantGroup;
			children = (
				FDAFB73119F8BDEC0082396F /* Base */,
			);
			name = LaunchScreen.xib;
			sourceTree = "<group>";
		};
/* End PBXVariantGroup section */

/* Begin XCBuildConfiguration section */
		FDAFB73F19F8BDEC0082396F /* Debug */ = {
			isa = XCBuildConfiguration;
			buildSettings = {
				ALWAYS_SEARCH_USER_PATHS = NO;
				CLANG_CXX_LANGUAGE_STANDARD = "gnu++0x";
				CLANG_CXX_LIBRARY = "libc++";
				CLANG_ENABLE_MODULES = YES;
				CLANG_ENABLE_OBJC_ARC = YES;
				CLANG_WARN_BOOL_CONVERSION = YES;
				CLANG_WARN_CONSTANT_CONVERSION = YES;
				CLANG_WARN_DIRECT_OBJC_ISA_USAGE = YES_ERROR;
				CLANG_WARN_EMPTY_BODY = YES;
				CLANG_WARN_ENUM_CONVERSION = YES;
				CLANG_WARN_INT_CONVERSION = YES;
				CLANG_WARN_OBJC_ROOT_CLASS = YES_ERROR;
				CLANG_WARN_UNREACHABLE_CODE = YES;
				CLANG_WARN__DUPLICATE_METHOD_MATCH = YES;
				"CODE_SIGN_IDENTITY[sdk=iphoneos*]" = "iPhone Developer";
				COPY_PHASE_STRIP = NO;
				ENABLE_STRICT_OBJC_MSGSEND = YES;
				GCC_C_LANGUAGE_STANDARD = gnu99;
				GCC_DYNAMIC_NO_PIC = NO;
				GCC_OPTIMIZATION_LEVEL = 0;
				GCC_PREPROCESSOR_DEFINITIONS = (
					"DEBUG=1",
					"$(inherited)",
				);
				GCC_SYMBOLS_PRIVATE_EXTERN = NO;
				GCC_WARN_64_TO_32_BIT_CONVERSION = YES;
				GCC_WARN_ABOUT_RETURN_TYPE = YES_ERROR;
				GCC_WARN_UNDECLARED_SELECTOR = YES;
				GCC_WARN_UNINITIALIZED_AUTOS = YES_AGGRESSIVE;
				GCC_WARN_UNUSED_FUNCTION = YES;
				GCC_WARN_UNUSED_VARIABLE = YES;
				IPHONEOS_DEPLOYMENT_TARGET = 8.0;
				MTL_ENABLE_DEBUG_INFO = YES;
				ONLY_ACTIVE_ARCH = YES;
				SDKROOT = iphoneos;
			};
			name = Debug;
		};
		FDAFB74019F8BDEC0082396F /* Release */ = {
			isa = XCBuildConfiguration;
			buildSettings = {
				ALWAYS_SEARCH_USER_PATHS = NO;
				CLANG_CXX_LANGUAGE_STANDARD = "gnu++0x";
				CLANG_CXX_LIBRARY = "libc++";
				CLANG_ENABLE_MODULES = YES;
				CLANG_ENABLE_OBJC_ARC = YES;
				CLANG_WARN_BOOL_CONVERSION = YES;
				CLANG_WARN_CONSTANT_CONVERSION = YES;
				CLANG_WARN_DIRECT_OBJC_ISA_USAGE = YES_ERROR;
				CLANG_WARN_EMPTY_BODY = YES;
				CLANG_WARN_ENUM_CONVERSION = YES;
				CLANG_WARN_INT_CONVERSION = YES;
				CLANG_WARN_OBJC_ROOT_CLASS = YES_ERROR;
				CLANG_WARN_UNREACHABLE_CODE = YES;
				CLANG_WARN__DUPLICATE_METHOD_MATCH = YES;
				"CODE_SIGN_IDENTITY[sdk=iphoneos*]" = "iPhone Developer";
				COPY_PHASE_STRIP = YES;
				ENABLE_NS_ASSERTIONS = NO;
				ENABLE_STRICT_OBJC_MSGSEND = YES;
				GCC_C_LANGUAGE_STANDARD = gnu99;
				GCC_WARN_64_TO_32_BIT_CONVERSION = YES;
				GCC_WARN_ABOUT_RETURN_TYPE = YES_ERROR;
				GCC_WARN_UNDECLARED_SELECTOR = YES;
				GCC_WARN_UNINITIALIZED_AUTOS = YES_AGGRESSIVE;
				GCC_WARN_UNUSED_FUNCTION = YES;
				GCC_WARN_UNUSED_VARIABLE = YES;
				IPHONEOS_DEPLOYMENT_TARGET = 8.0;
				MTL_ENABLE_DEBUG_INFO = NO;
				SDKROOT = iphoneos;
				VALIDATE_PRODUCT = YES;
			};
			name = Release;
		};
		FDAFB74219F8BDEC0082396F /* Debug */ = {
			isa = XCBuildConfiguration;
			buildSettings = {
				ASSETCATALOG_COMPILER_APPICON_NAME = AppIcon;
				INFOPLIST_FILE = pru/Info.plist;
				LD_RUNPATH_SEARCH_PATHS = "$(inherited) @executable_path/Frameworks";
				PRODUCT_NAME = "$(TARGET_NAME)";
			};
			name = Debug;
		};
		FDAFB74319F8BDEC0082396F /* Release */ = {
			isa = XCBuildConfiguration;
			buildSettings = {
				ASSETCATALOG_COMPILER_APPICON_NAME = AppIcon;
				INFOPLIST_FILE = pru/Info.plist;
				LD_RUNPATH_SEARCH_PATHS = "$(inherited) @executable_path/Frameworks";
				PRODUCT_NAME = "$(TARGET_NAME)";
			};
			name = Release;
		};
		FDAFB74519F8BDEC0082396F /* Debug */ = {
			isa = XCBuildConfiguration;
			buildSettings = {
				BUNDLE_LOADER = "$(TEST_HOST)";
				FRAMEWORK_SEARCH_PATHS = (
					"$(SDKROOT)/Developer/Library/Frameworks",
					"$(inherited)",
				);
				GCC_PREPROCESSOR_DEFINITIONS = (
					"DEBUG=1",
					"$(inherited)",
				);
				INFOPLIST_FILE = pruTests/Info.plist;
				LD_RUNPATH_SEARCH_PATHS = "$(inherited) @executable_path/Frameworks @loader_path/Frameworks";
				PRODUCT_NAME = "$(TARGET_NAME)";
				TEST_HOST = "$(BUILT_PRODUCTS_DIR)/pru.app/pru";
			};
			name = Debug;
		};
		FDAFB74619F8BDEC0082396F /* Release */ = {
			isa = XCBuildConfiguration;
			buildSettings = {
				BUNDLE_LOADER = "$(TEST_HOST)";
				FRAMEWORK_SEARCH_PATHS = (
					"$(SDKROOT)/Developer/Library/Frameworks",
					"$(inherited)",
				);
				INFOPLIST_FILE = pruTests/Info.plist;
				LD_RUNPATH_SEARCH_PATHS = "$(inherited) @executable_path/Frameworks @loader_path/Frameworks";
				PRODUCT_NAME = "$(TARGET_NAME)";
				TEST_HOST = "$(BUILT_PRODUCTS_DIR)/pru.app/pru";
			};
			name = Release;
		};
/* End XCBuildConfiguration section */

/* Begin XCConfigurationList section */
		FDAFB71919F8BDEB0082396F /* Build configuration list for PBXProject "pru" */ = {
			isa = XCConfigurationList;
			buildConfigurations = (
				FDAFB73F19F8BDEC0082396F /* Debug */,
				FDAFB74019F8BDEC0082396F /* Release */,
			);
			defaultConfigurationIsVisible = 0;
			defaultConfigurationName = Release;
		};
		FDAFB74119F8BDEC0082396F /* Build configuration list for PBXNativeTarget "pru" */ = {
			isa = XCConfigurationList;
			buildConfigurations = (
				FDAFB74219F8BDEC0082396F /* Debug */,
				FDAFB74319F8BDEC0082396F /* Release */,
			);
			defaultConfigurationIsVisible = 0;
		};
		FDAFB74419F8BDEC0082396F /* Build configuration list for PBXNativeTarget "pruTests" */ = {
			isa = XCConfigurationList;
			buildConfigurations = (
				FDAFB74519F8BDEC0082396F /* Debug */,
				FDAFB74619F8BDEC0082396F /* Release */,
			);
			defaultConfigurationIsVisible = 0;
		};
/* End XCConfigurationList section */
	};
	rootObject = FDAFB71619F8BDEB0082396F /* Project object */;
}
